
Microsoft Visual Studio Solution File, Format Version 12.00
# Visual Studio Version 17
VisualStudioVersion = 17.5.33516.290
MinimumVisualStudioVersion = 10.0.40219.1
Project("{FAE04EC0-301F-11D3-BF4B-00C04F79EFBC}") = "Bank Application Project", "Bank Application Project.csproj", "{8C518699-1200-4838-84ED-200A8584E973}"
EndProject
Global
	GlobalSection(SolutionConfigurationPlatforms) = preSolution
		Debug|Any CPU = Debug|Any CPU
		Release|Any CPU = Release|Any CPU
	EndGlobalSection
	GlobalSection(ProjectConfigurationPlatforms) = postSolution
		{8C518699-1200-4838-84ED-200A8584E973}.Debug|Any CPU.ActiveCfg = Debug|Any CPU
		{8C518699-1200-4838-84ED-200A8584E973}.Debug|Any CPU.Build.0 = Debug|Any CPU
		{8C518699-1200-4838-84ED-200A8584E973}.Release|Any CPU.ActiveCfg = Release|Any CPU
		{8C518699-1200-4838-84ED-200A8584E973}.Release|Any CPU.Build.0 = Release|Any CPU
	EndGlobalSection
	GlobalSection(SolutionProperties) = preSolution
		HideSolutionNode = FALSE
	EndGlobalSection
	GlobalSection(ExtensibilityGlobals) = postSolution
		SolutionGuid = {B26187F6-D5A2-4D0E-90D0-1898DB2CDFB3}
	EndGlobalSection
EndGlobal
