
Microsoft Visual Studio Solution File, Format Version 12.00
# Visual Studio Version 17
VisualStudioVersion = 17.5.33516.290
MinimumVisualStudioVersion = 10.0.40219.1
Project("{FAE04EC0-301F-11D3-BF4B-00C04F79EFBC}") = "IValidatable Object", "IValidatable Object.csproj", "{B8DD6E6C-CC68-42B4-96F5-F0A7809197A3}"
EndProject
Global
	GlobalSection(SolutionConfigurationPlatforms) = preSolution
		Debug|Any CPU = Debug|Any CPU
		Release|Any CPU = Release|Any CPU
	EndGlobalSection
	GlobalSection(ProjectConfigurationPlatforms) = postSolution
		{B8DD6E6C-CC68-42B4-96F5-F0A7809197A3}.Debug|Any CPU.ActiveCfg = Debug|Any CPU
		{B8DD6E6C-CC68-42B4-96F5-F0A7809197A3}.Debug|Any CPU.Build.0 = Debug|Any CPU
		{B8DD6E6C-CC68-42B4-96F5-F0A7809197A3}.Release|Any CPU.ActiveCfg = Release|Any CPU
		{B8DD6E6C-CC68-42B4-96F5-F0A7809197A3}.Release|Any CPU.Build.0 = Release|Any CPU
	EndGlobalSection
	GlobalSection(SolutionProperties) = preSolution
		HideSolutionNode = FALSE
	EndGlobalSection
	GlobalSection(ExtensibilityGlobals) = postSolution
		SolutionGuid = {D40EFAFB-B329-4099-AB0A-95DF5DB4956A}
	EndGlobalSection
EndGlobal
