
Microsoft Visual Studio Solution File, Format Version 12.00
# Visual Studio Version 17
VisualStudioVersion = 17.10.34902.84
MinimumVisualStudioVersion = 10.0.40219.1
Project("{9A19103F-16F7-4668-BE54-9A1E7A4F7556}") = "Contacts Manager", "Contacts Manager.csproj", "{F24D681A-90E2-4614-AA6F-1C7FB118ACE6}"
EndProject
Project("{9A19103F-16F7-4668-BE54-9A1E7A4F7556}") = "X_Unit", "..\X_Unit\X_Unit.csproj", "{E00E3C16-D08E-4713-A2BE-9777FE120F07}"
EndProject
Project("{9A19103F-16F7-4668-BE54-9A1E7A4F7556}") = "Entities", "..\Entities\Entities.csproj", "{A46625A7-1FF5-49BF-84B6-809829E4F265}"
EndProject
Project("{9A19103F-16F7-4668-BE54-9A1E7A4F7556}") = "ServiceContracts", "..\ServiceContracts\ServiceContracts.csproj", "{E7878827-6B71-47D9-ABEE-B77064B80BB7}"
EndProject
Project("{9A19103F-16F7-4668-BE54-9A1E7A4F7556}") = "Service", "..\Service\Service.csproj", "{6A15F2C5-4377-4088-8C28-64680672AADB}"
EndProject
Project("{9A19103F-16F7-4668-BE54-9A1E7A4F7556}") = "Exceptions", "..\Exceptions\Exceptions.csproj", "{650A05DA-63AD-40CD-ACCA-A84E268AB2B0}"
EndProject
Project("{FAE04EC0-301F-11D3-BF4B-00C04F79EFBC}") = "RepositoryContracts", "..\RepositoryContracts\RepositoryContracts.csproj", "{9A7AF1FE-0D89-4B0A-92A8-4EA458FF7638}"
EndProject
Project("{FAE04EC0-301F-11D3-BF4B-00C04F79EFBC}") = "Repositories", "..\Repositories\Repositories.csproj", "{428398AC-44AF-4547-9755-882BF9023B44}"
EndProject
Global
	GlobalSection(SolutionConfigurationPlatforms) = preSolution
		Debug|Any CPU = Debug|Any CPU
		Release|Any CPU = Release|Any CPU
	EndGlobalSection
	GlobalSection(ProjectConfigurationPlatforms) = postSolution
		{F24D681A-90E2-4614-AA6F-1C7FB118ACE6}.Debug|Any CPU.ActiveCfg = Debug|Any CPU
		{F24D681A-90E2-4614-AA6F-1C7FB118ACE6}.Debug|Any CPU.Build.0 = Debug|Any CPU
		{F24D681A-90E2-4614-AA6F-1C7FB118ACE6}.Release|Any CPU.ActiveCfg = Release|Any CPU
		{F24D681A-90E2-4614-AA6F-1C7FB118ACE6}.Release|Any CPU.Build.0 = Release|Any CPU
		{E00E3C16-D08E-4713-A2BE-9777FE120F07}.Debug|Any CPU.ActiveCfg = Debug|Any CPU
		{E00E3C16-D08E-4713-A2BE-9777FE120F07}.Debug|Any CPU.Build.0 = Debug|Any CPU
		{E00E3C16-D08E-4713-A2BE-9777FE120F07}.Release|Any CPU.ActiveCfg = Release|Any CPU
		{E00E3C16-D08E-4713-A2BE-9777FE120F07}.Release|Any CPU.Build.0 = Release|Any CPU
		{A46625A7-1FF5-49BF-84B6-809829E4F265}.Debug|Any CPU.ActiveCfg = Debug|Any CPU
		{A46625A7-1FF5-49BF-84B6-809829E4F265}.Debug|Any CPU.Build.0 = Debug|Any CPU
		{A46625A7-1FF5-49BF-84B6-809829E4F265}.Release|Any CPU.ActiveCfg = Release|Any CPU
		{A46625A7-1FF5-49BF-84B6-809829E4F265}.Release|Any CPU.Build.0 = Release|Any CPU
		{E7878827-6B71-47D9-ABEE-B77064B80BB7}.Debug|Any CPU.ActiveCfg = Debug|Any CPU
		{E7878827-6B71-47D9-ABEE-B77064B80BB7}.Debug|Any CPU.Build.0 = Debug|Any CPU
		{E7878827-6B71-47D9-ABEE-B77064B80BB7}.Release|Any CPU.ActiveCfg = Release|Any CPU
		{E7878827-6B71-47D9-ABEE-B77064B80BB7}.Release|Any CPU.Build.0 = Release|Any CPU
		{6A15F2C5-4377-4088-8C28-64680672AADB}.Debug|Any CPU.ActiveCfg = Debug|Any CPU
		{6A15F2C5-4377-4088-8C28-64680672AADB}.Debug|Any CPU.Build.0 = Debug|Any CPU
		{6A15F2C5-4377-4088-8C28-64680672AADB}.Release|Any CPU.ActiveCfg = Release|Any CPU
		{6A15F2C5-4377-4088-8C28-64680672AADB}.Release|Any CPU.Build.0 = Release|Any CPU
		{650A05DA-63AD-40CD-ACCA-A84E268AB2B0}.Debug|Any CPU.ActiveCfg = Debug|Any CPU
		{650A05DA-63AD-40CD-ACCA-A84E268AB2B0}.Debug|Any CPU.Build.0 = Debug|Any CPU
		{650A05DA-63AD-40CD-ACCA-A84E268AB2B0}.Release|Any CPU.ActiveCfg = Release|Any CPU
		{650A05DA-63AD-40CD-ACCA-A84E268AB2B0}.Release|Any CPU.Build.0 = Release|Any CPU
		{9A7AF1FE-0D89-4B0A-92A8-4EA458FF7638}.Debug|Any CPU.ActiveCfg = Debug|Any CPU
		{9A7AF1FE-0D89-4B0A-92A8-4EA458FF7638}.Debug|Any CPU.Build.0 = Debug|Any CPU
		{9A7AF1FE-0D89-4B0A-92A8-4EA458FF7638}.Release|Any CPU.ActiveCfg = Release|Any CPU
		{9A7AF1FE-0D89-4B0A-92A8-4EA458FF7638}.Release|Any CPU.Build.0 = Release|Any CPU
		{428398AC-44AF-4547-9755-882BF9023B44}.Debug|Any CPU.ActiveCfg = Debug|Any CPU
		{428398AC-44AF-4547-9755-882BF9023B44}.Debug|Any CPU.Build.0 = Debug|Any CPU
		{428398AC-44AF-4547-9755-882BF9023B44}.Release|Any CPU.ActiveCfg = Release|Any CPU
		{428398AC-44AF-4547-9755-882BF9023B44}.Release|Any CPU.Build.0 = Release|Any CPU
	EndGlobalSection
	GlobalSection(SolutionProperties) = preSolution
		HideSolutionNode = FALSE
	EndGlobalSection
	GlobalSection(ExtensibilityGlobals) = postSolution
		SolutionGuid = {88B23DBF-5565-4998-B093-E6467C71E32D}
	EndGlobalSection
EndGlobal
