
Microsoft Visual Studio Solution File, Format Version 12.00
# Visual Studio Version 17
VisualStudioVersion = 17.5.33516.290
MinimumVisualStudioVersion = 10.0.40219.1
Project("{FAE04EC0-301F-11D3-BF4B-00C04F79EFBC}") = "Middleware4", "Middleware4.csproj", "{D1720114-895D-41B2-AFE3-9B83883C9729}"
EndProject
Global
	GlobalSection(SolutionConfigurationPlatforms) = preSolution
		Debug|Any CPU = Debug|Any CPU
		Release|Any CPU = Release|Any CPU
	EndGlobalSection
	GlobalSection(ProjectConfigurationPlatforms) = postSolution
		{D1720114-895D-41B2-AFE3-9B83883C9729}.Debug|Any CPU.ActiveCfg = Debug|Any CPU
		{D1720114-895D-41B2-AFE3-9B83883C9729}.Debug|Any CPU.Build.0 = Debug|Any CPU
		{D1720114-895D-41B2-AFE3-9B83883C9729}.Release|Any CPU.ActiveCfg = Release|Any CPU
		{D1720114-895D-41B2-AFE3-9B83883C9729}.Release|Any CPU.Build.0 = Release|Any CPU
	EndGlobalSection
	GlobalSection(SolutionProperties) = preSolution
		HideSolutionNode = FALSE
	EndGlobalSection
	GlobalSection(ExtensibilityGlobals) = postSolution
		SolutionGuid = {655C310D-926C-4875-B0F1-D795BEA0C9DE}
	EndGlobalSection
EndGlobal
