
Microsoft Visual Studio Solution File, Format Version 12.00
# Visual Studio Version 17
VisualStudioVersion = 17.5.33516.290
MinimumVisualStudioVersion = 10.0.40219.1
Project("{FAE04EC0-301F-11D3-BF4B-00C04F79EFBC}") = "FromHeader", "FromHeader.csproj", "{95E45C45-71EC-433D-874F-8C58F22E759F}"
EndProject
Global
	GlobalSection(SolutionConfigurationPlatforms) = preSolution
		Debug|Any CPU = Debug|Any CPU
		Release|Any CPU = Release|Any CPU
	EndGlobalSection
	GlobalSection(ProjectConfigurationPlatforms) = postSolution
		{95E45C45-71EC-433D-874F-8C58F22E759F}.Debug|Any CPU.ActiveCfg = Debug|Any CPU
		{95E45C45-71EC-433D-874F-8C58F22E759F}.Debug|Any CPU.Build.0 = Debug|Any CPU
		{95E45C45-71EC-433D-874F-8C58F22E759F}.Release|Any CPU.ActiveCfg = Release|Any CPU
		{95E45C45-71EC-433D-874F-8C58F22E759F}.Release|Any CPU.Build.0 = Release|Any CPU
	EndGlobalSection
	GlobalSection(SolutionProperties) = preSolution
		HideSolutionNode = FALSE
	EndGlobalSection
	GlobalSection(ExtensibilityGlobals) = postSolution
		SolutionGuid = {B4309A59-750A-455F-86A3-AA83530650E8}
	EndGlobalSection
EndGlobal
