
Microsoft Visual Studio Solution File, Format Version 12.00
# Visual Studio Version 17
VisualStudioVersion = 17.5.33516.290
MinimumVisualStudioVersion = 10.0.40219.1
Project("{FAE04EC0-301F-11D3-BF4B-00C04F79EFBC}") = "Custom Validation", "Custom Validation.csproj", "{3E9E4E52-AB57-4A51-9CB1-0AA6118F6E16}"
EndProject
Global
	GlobalSection(SolutionConfigurationPlatforms) = preSolution
		Debug|Any CPU = Debug|Any CPU
		Release|Any CPU = Release|Any CPU
	EndGlobalSection
	GlobalSection(ProjectConfigurationPlatforms) = postSolution
		{3E9E4E52-AB57-4A51-9CB1-0AA6118F6E16}.Debug|Any CPU.ActiveCfg = Debug|Any CPU
		{3E9E4E52-AB57-4A51-9CB1-0AA6118F6E16}.Debug|Any CPU.Build.0 = Debug|Any CPU
		{3E9E4E52-AB57-4A51-9CB1-0AA6118F6E16}.Release|Any CPU.ActiveCfg = Release|Any CPU
		{3E9E4E52-AB57-4A51-9CB1-0AA6118F6E16}.Release|Any CPU.Build.0 = Release|Any CPU
	EndGlobalSection
	GlobalSection(SolutionProperties) = preSolution
		HideSolutionNode = FALSE
	EndGlobalSection
	GlobalSection(ExtensibilityGlobals) = postSolution
		SolutionGuid = {2AD64D0F-31ED-44C4-9BC9-2ACB37EBA36A}
	EndGlobalSection
EndGlobal
